
Microsoft Visual Studio Solution File, Format Version 12.00
# Visual Studio 15
VisualStudioVersion = 15.0.28010.2019
MinimumVisualStudioVersion = 10.0.40219.1
Project("{FAE04EC0-301F-11D3-BF4B-00C04F79EFBC}") = "kalkulator2", "kalkulator2\kalkulator2.csproj", "{5356AF07-2566-410A-ACBD-DC48B7471FA6}"
EndProject
Global
	GlobalSection(SolutionConfigurationPlatforms) = preSolution
		Debug|Any CPU = Debug|Any CPU
		Release|Any CPU = Release|Any CPU
	EndGlobalSection
	GlobalSection(ProjectConfigurationPlatforms) = postSolution
		{5356AF07-2566-410A-ACBD-DC48B7471FA6}.Debug|Any CPU.ActiveCfg = Debug|Any CPU
		{5356AF07-2566-410A-ACBD-DC48B7471FA6}.Debug|Any CPU.Build.0 = Debug|Any CPU
		{5356AF07-2566-410A-ACBD-DC48B7471FA6}.Release|Any CPU.ActiveCfg = Release|Any CPU
		{5356AF07-2566-410A-ACBD-DC48B7471FA6}.Release|Any CPU.Build.0 = Release|Any CPU
	EndGlobalSection
	GlobalSection(SolutionProperties) = preSolution
		HideSolutionNode = FALSE
	EndGlobalSection
	GlobalSection(ExtensibilityGlobals) = postSolution
		SolutionGuid = {8DCE428D-F57C-4C40-8CC8-1A939C1ED2E5}
	EndGlobalSection
EndGlobal
