
Microsoft Visual Studio Solution File, Format Version 12.00
# Visual Studio 15
VisualStudioVersion = 15.0.28010.2019
MinimumVisualStudioVersion = 10.0.40219.1
Project("{FAE04EC0-301F-11D3-BF4B-00C04F79EFBC}") = "WpfApp4", "WpfApp4\WpfApp4.csproj", "{04AEE805-D812-405F-A2CA-F2815D19A948}"
EndProject
Global
	GlobalSection(SolutionConfigurationPlatforms) = preSolution
		Debug|Any CPU = Debug|Any CPU
		Release|Any CPU = Release|Any CPU
	EndGlobalSection
	GlobalSection(ProjectConfigurationPlatforms) = postSolution
		{04AEE805-D812-405F-A2CA-F2815D19A948}.Debug|Any CPU.ActiveCfg = Debug|Any CPU
		{04AEE805-D812-405F-A2CA-F2815D19A948}.Debug|Any CPU.Build.0 = Debug|Any CPU
		{04AEE805-D812-405F-A2CA-F2815D19A948}.Release|Any CPU.ActiveCfg = Release|Any CPU
		{04AEE805-D812-405F-A2CA-F2815D19A948}.Release|Any CPU.Build.0 = Release|Any CPU
	EndGlobalSection
	GlobalSection(SolutionProperties) = preSolution
		HideSolutionNode = FALSE
	EndGlobalSection
	GlobalSection(ExtensibilityGlobals) = postSolution
		SolutionGuid = {F16703F0-7E2E-40EC-ADAF-65F510DB8ADB}
	EndGlobalSection
EndGlobal
